
Microsoft Visual Studio Solution File, Format Version 12.00
# Visual Studio Version 17
VisualStudioVersion = 17.4.33213.308
MinimumVisualStudioVersion = 10.0.40219.1
Project("{FAE04EC0-301F-11D3-BF4B-00C04F79EFBC}") = "Unidad2Actividad2", "Unidad2Actividad2\Unidad2Actividad2.csproj", "{794566D2-7381-4D59-A098-157D76B0A6EE}"
EndProject
Global
	GlobalSection(SolutionConfigurationPlatforms) = preSolution
		Debug|Any CPU = Debug|Any CPU
		Release|Any CPU = Release|Any CPU
	EndGlobalSection
	GlobalSection(ProjectConfigurationPlatforms) = postSolution
		{794566D2-7381-4D59-A098-157D76B0A6EE}.Debug|Any CPU.ActiveCfg = Debug|Any CPU
		{794566D2-7381-4D59-A098-157D76B0A6EE}.Debug|Any CPU.Build.0 = Debug|Any CPU
		{794566D2-7381-4D59-A098-157D76B0A6EE}.Release|Any CPU.ActiveCfg = Release|Any CPU
		{794566D2-7381-4D59-A098-157D76B0A6EE}.Release|Any CPU.Build.0 = Release|Any CPU
	EndGlobalSection
	GlobalSection(SolutionProperties) = preSolution
		HideSolutionNode = FALSE
	EndGlobalSection
	GlobalSection(ExtensibilityGlobals) = postSolution
		SolutionGuid = {A4A769BD-E7A4-40BD-BC87-6C12FC0C242B}
	EndGlobalSection
EndGlobal
